{
  "name": "vueApp",
  "lockfileVersion": 2,
  "requires": true,
  "packages": {
    "": {
      "dependencies": {
        "@splidejs/vue-splide": "^0.3.5",
        "axios": "^0.21.1",
        "hooper": "^0.3.4",
        "jquery": "^3.5.1",
        "lightslider": "^1.1.6",
        "swiper": "^6.4.10",
        "vanilla-toast": "^0.5.0",
        "vue-axios": "^3.2.3",
        "vue-scrollto": "^2.20.0",
        "vue-toast-notification": "^0.6.0"
      }
    },
    "node_modules/@splidejs/splide": {
      "version": "2.4.21",
      "resolved": "https://registry.npmjs.org/@splidejs/splide/-/splide-2.4.21.tgz",
      "integrity": "sha512-LdIwSnmNsGybCCnA3QG2dOeRv/rQl46jf7FflXxMGX0ADYWyL6UJHWJbMZvHBi5I67uRJY1ga/W+CvJ39nH26A=="
    },
    "node_modules/@splidejs/splide-extension-video": {
      "version": "0.4.6",
      "resolved": "https://registry.npmjs.org/@splidejs/splide-extension-video/-/splide-extension-video-0.4.6.tgz",
      "integrity": "sha512-UEqxkuYClYDhV+DsX9384wKj6FWwWN3HUvUXcNPVKZiHvh0Zn0t1M2w/hcDRJ3VtCxFhx92Kgzlkf22HqdyF+g==",
      "dependencies": {
        "@vimeo/player": "^2.10.0"
      }
    },
    "node_modules/@splidejs/vue-splide": {
      "version": "0.3.5",
      "resolved": "https://registry.npmjs.org/@splidejs/vue-splide/-/vue-splide-0.3.5.tgz",
      "integrity": "sha512-eI4Kl2v+yAGKMVa9MtfIIPPZtplTfKPx4rCJlZqfethl3tCOGQwL9MxSyLk6bUhl31aOuClxmXQv8O5ubU8fNQ==",
      "dependencies": {
        "@splidejs/splide": "^2.4.13",
        "@splidejs/splide-extension-video": "^0.4.6",
        "vue": "^2.6.12"
      }
    },
    "node_modules/@vimeo/player": {
      "version": "2.15.0",
      "resolved": "https://registry.npmjs.org/@vimeo/player/-/player-2.15.0.tgz",
      "integrity": "sha512-PH+H7G7pIUbrw8AHeigOc13cUoe8E78y4XCVqSP7pLFj/kQm0EvHQGBO3224Qq7a0XMEmNR6kH+n+8o0GslWCg==",
      "dependencies": {
        "native-promise-only": "0.8.1",
        "weakmap-polyfill": "2.0.1"
      }
    },
    "node_modules/axios": {
      "version": "0.21.1",
      "resolved": "https://registry.npmjs.org/axios/-/axios-0.21.1.tgz",
      "integrity": "sha512-dKQiRHxGD9PPRIUNIWvZhPTPpl1rf/OxTYKsqKUDjBwYylTvV7SjSHJb9ratfyzM6wCdLCOYLzs73qpg5c4iGA==",
      "dependencies": {
        "follow-redirects": "^1.10.0"
      }
    },
    "node_modules/bezier-easing": {
      "version": "2.1.0",
      "resolved": "https://registry.npmjs.org/bezier-easing/-/bezier-easing-2.1.0.tgz",
      "integrity": "sha1-wE3+i5JtbsrKGBPWn/F5t8ICXYY="
    },
    "node_modules/dom7": {
      "version": "3.0.0",
      "resolved": "https://registry.npmjs.org/dom7/-/dom7-3.0.0.tgz",
      "integrity": "sha512-oNlcUdHsC4zb7Msx7JN3K0Nro1dzJ48knvBOnDPKJ2GV9wl1i5vydJZUSyOfrkKFDZEud/jBsTk92S/VGSAe/g==",
      "dependencies": {
        "ssr-window": "^3.0.0-alpha.1"
      }
    },
    "node_modules/follow-redirects": {
      "version": "1.13.2",
      "resolved": "https://registry.npmjs.org/follow-redirects/-/follow-redirects-1.13.2.tgz",
      "integrity": "sha512-6mPTgLxYm3r6Bkkg0vNM0HTjfGrOEtsfbhagQvbxDEsEkpNhw582upBaoRZylzen6krEmxXJgt9Ju6HiI4O7BA==",
      "funding": [
        {
          "type": "individual",
          "url": "https://github.com/sponsors/RubenVerborgh"
        }
      ],
      "engines": {
        "node": ">=4.0"
      },
      "peerDependenciesMeta": {
        "debug": {
          "optional": true
        }
      }
    },
    "node_modules/hooper": {
      "version": "0.3.4",
      "resolved": "https://registry.npmjs.org/hooper/-/hooper-0.3.4.tgz",
      "integrity": "sha512-hV1c+MCiCfVjltdvZIgTrGYHInvhKiNLVNOT/hRWbfjZNIS9H6F6ZUPeaxhxrYkjsEL96Z0RIs+4YPoBqrrrHQ=="
    },
    "node_modules/jquery": {
      "version": "3.5.1",
      "resolved": "https://registry.npmjs.org/jquery/-/jquery-3.5.1.tgz",
      "integrity": "sha512-XwIBPqcMn57FxfT+Go5pzySnm4KWkT1Tv7gjrpT1srtf8Weynl6R273VJ5GjkRb51IzMp5nbaPjJXMWeju2MKg=="
    },
    "node_modules/lightslider": {
      "version": "1.1.6",
      "resolved": "https://registry.npmjs.org/lightslider/-/lightslider-1.1.6.tgz",
      "integrity": "sha1-QpzbpOj0lt+kR10wBYG6EMGy5sk=",
      "dependencies": {
        "jquery": ">= 1.7.0"
      }
    },
    "node_modules/native-promise-only": {
      "version": "0.8.1",
      "resolved": "https://registry.npmjs.org/native-promise-only/-/native-promise-only-0.8.1.tgz",
      "integrity": "sha1-IKMYwwy0X3H+et+/eyHJnBRy7xE="
    },
    "node_modules/ssr-window": {
      "version": "3.0.0",
      "resolved": "https://registry.npmjs.org/ssr-window/-/ssr-window-3.0.0.tgz",
      "integrity": "sha512-q+8UfWDg9Itrg0yWK7oe5p/XRCJpJF9OBtXfOPgSJl+u3Xd5KI328RUEvUqSMVM9CiQUEf1QdBzJMkYGErj9QA=="
    },
    "node_modules/swiper": {
      "version": "6.4.10",
      "resolved": "https://registry.npmjs.org/swiper/-/swiper-6.4.10.tgz",
      "integrity": "sha512-uNTdbkcVjNQVOwXhr+e8rTB4Uu8QfWHaZQSSptykWJX/QjSBuAPxAUFnHG8IKGQfTljGol9eLv6g8KTwvGjYNA==",
      "funding": [
        {
          "type": "patreon",
          "url": "https://www.patreon.com/vladimirkharlampidi"
        },
        {
          "type": "open_collective",
          "url": "http://opencollective.com/swiper"
        }
      ],
      "hasInstallScript": true,
      "dependencies": {
        "dom7": "^3.0.0",
        "ssr-window": "^3.0.0"
      },
      "engines": {
        "node": ">= 4.7.0"
      }
    },
    "node_modules/vanilla-toast": {
      "version": "0.5.0",
      "resolved": "https://registry.npmjs.org/vanilla-toast/-/vanilla-toast-0.5.0.tgz",
      "integrity": "sha512-CjSSW86L3gkTWAQmcPtszu+b+4HZZRrBelNGCukvHh5Km8Hij8mjH6vY1hOB8MqGV5TMTuzHsXoqfURDLC1tdQ=="
    },
    "node_modules/vue": {
      "version": "2.6.12",
      "resolved": "https://registry.npmjs.org/vue/-/vue-2.6.12.tgz",
      "integrity": "sha512-uhmLFETqPPNyuLLbsKz6ioJ4q7AZHzD8ZVFNATNyICSZouqP2Sz0rotWQC8UNBF6VGSCs5abnKJoStA6JbCbfg=="
    },
    "node_modules/vue-axios": {
      "version": "3.2.3",
      "resolved": "https://registry.npmjs.org/vue-axios/-/vue-axios-3.2.3.tgz",
      "integrity": "sha512-9GcTI9Yx+SmlWboAWksHYHCIrlxP8rX+mOEnO7DT2l7KQnFi6cDcsJDMiQ50MFPmn/RDyZ5EsiX50q45JVcW0g==",
      "peerDependencies": {
        "axios": ">= 0.20.0",
        "vue": "^ 3.0.0 || ^ 2.0.0"
      }
    },
    "node_modules/vue-scrollto": {
      "version": "2.20.0",
      "resolved": "https://registry.npmjs.org/vue-scrollto/-/vue-scrollto-2.20.0.tgz",
      "integrity": "sha512-7i+AGKJTThZnMEkhIPgrZjyAX+fXV7/rGdg+CV283uZZwCxwiMXaBLTmIc5RTA4uwGnT+E6eJle3mXQfM2OD3A==",
      "dependencies": {
        "bezier-easing": "2.1.0"
      }
    },
    "node_modules/vue-toast-notification": {
      "version": "0.6.0",
      "resolved": "https://registry.npmjs.org/vue-toast-notification/-/vue-toast-notification-0.6.0.tgz",
      "integrity": "sha512-GSXLTemx/+YLDpeObuMcz+gQ6NxvBcJxGhj5PB8CZDDBUQWbeAp0ZUPZEixDun/GtbxBOA9jLxo4MFPHTbIBYw==",
      "engines": {
        "node": ">=10.13.0"
      },
      "peerDependencies": {
        "vue": "^2.0.0"
      }
    },
    "node_modules/weakmap-polyfill": {
      "version": "2.0.1",
      "resolved": "https://registry.npmjs.org/weakmap-polyfill/-/weakmap-polyfill-2.0.1.tgz",
      "integrity": "sha512-Jy177Lvb1LCrPQDWJsXyyqf4eOhcdvQHFGoCqSv921kVF5i42MVbr4e2WEwetuTLBn1NX0IhPzTmMu0N3cURqQ==",
      "engines": {
        "node": ">=8.10.0"
      }
    }
  },
  "dependencies": {
    "@splidejs/splide": {
      "version": "2.4.21",
      "resolved": "https://registry.npmjs.org/@splidejs/splide/-/splide-2.4.21.tgz",
      "integrity": "sha512-LdIwSnmNsGybCCnA3QG2dOeRv/rQl46jf7FflXxMGX0ADYWyL6UJHWJbMZvHBi5I67uRJY1ga/W+CvJ39nH26A=="
    },
    "@splidejs/splide-extension-video": {
      "version": "0.4.6",
      "resolved": "https://registry.npmjs.org/@splidejs/splide-extension-video/-/splide-extension-video-0.4.6.tgz",
      "integrity": "sha512-UEqxkuYClYDhV+DsX9384wKj6FWwWN3HUvUXcNPVKZiHvh0Zn0t1M2w/hcDRJ3VtCxFhx92Kgzlkf22HqdyF+g==",
      "requires": {
        "@vimeo/player": "^2.10.0"
      }
    },
    "@splidejs/vue-splide": {
      "version": "0.3.5",
      "resolved": "https://registry.npmjs.org/@splidejs/vue-splide/-/vue-splide-0.3.5.tgz",
      "integrity": "sha512-eI4Kl2v+yAGKMVa9MtfIIPPZtplTfKPx4rCJlZqfethl3tCOGQwL9MxSyLk6bUhl31aOuClxmXQv8O5ubU8fNQ==",
      "requires": {
        "@splidejs/splide": "^2.4.13",
        "@splidejs/splide-extension-video": "^0.4.6",
        "vue": "^2.6.12"
      }
    },
    "@vimeo/player": {
      "version": "2.15.0",
      "resolved": "https://registry.npmjs.org/@vimeo/player/-/player-2.15.0.tgz",
      "integrity": "sha512-PH+H7G7pIUbrw8AHeigOc13cUoe8E78y4XCVqSP7pLFj/kQm0EvHQGBO3224Qq7a0XMEmNR6kH+n+8o0GslWCg==",
      "requires": {
        "native-promise-only": "0.8.1",
        "weakmap-polyfill": "2.0.1"
      }
    },
    "axios": {
      "version": "0.21.1",
      "resolved": "https://registry.npmjs.org/axios/-/axios-0.21.1.tgz",
      "integrity": "sha512-dKQiRHxGD9PPRIUNIWvZhPTPpl1rf/OxTYKsqKUDjBwYylTvV7SjSHJb9ratfyzM6wCdLCOYLzs73qpg5c4iGA==",
      "requires": {
        "follow-redirects": "^1.10.0"
      }
    },
    "bezier-easing": {
      "version": "2.1.0",
      "resolved": "https://registry.npmjs.org/bezier-easing/-/bezier-easing-2.1.0.tgz",
      "integrity": "sha1-wE3+i5JtbsrKGBPWn/F5t8ICXYY="
    },
    "dom7": {
      "version": "3.0.0",
      "resolved": "https://registry.npmjs.org/dom7/-/dom7-3.0.0.tgz",
      "integrity": "sha512-oNlcUdHsC4zb7Msx7JN3K0Nro1dzJ48knvBOnDPKJ2GV9wl1i5vydJZUSyOfrkKFDZEud/jBsTk92S/VGSAe/g==",
      "requires": {
        "ssr-window": "^3.0.0-alpha.1"
      }
    },
    "follow-redirects": {
      "version": "1.13.2",
      "resolved": "https://registry.npmjs.org/follow-redirects/-/follow-redirects-1.13.2.tgz",
      "integrity": "sha512-6mPTgLxYm3r6Bkkg0vNM0HTjfGrOEtsfbhagQvbxDEsEkpNhw582upBaoRZylzen6krEmxXJgt9Ju6HiI4O7BA=="
    },
    "hooper": {
      "version": "0.3.4",
      "resolved": "https://registry.npmjs.org/hooper/-/hooper-0.3.4.tgz",
      "integrity": "sha512-hV1c+MCiCfVjltdvZIgTrGYHInvhKiNLVNOT/hRWbfjZNIS9H6F6ZUPeaxhxrYkjsEL96Z0RIs+4YPoBqrrrHQ=="
    },
    "jquery": {
      "version": "3.5.1",
      "resolved": "https://registry.npmjs.org/jquery/-/jquery-3.5.1.tgz",
      "integrity": "sha512-XwIBPqcMn57FxfT+Go5pzySnm4KWkT1Tv7gjrpT1srtf8Weynl6R273VJ5GjkRb51IzMp5nbaPjJXMWeju2MKg=="
    },
    "lightslider": {
      "version": "1.1.6",
      "resolved": "https://registry.npmjs.org/lightslider/-/lightslider-1.1.6.tgz",
      "integrity": "sha1-QpzbpOj0lt+kR10wBYG6EMGy5sk=",
      "requires": {
        "jquery": ">= 1.7.0"
      }
    },
    "native-promise-only": {
      "version": "0.8.1",
      "resolved": "https://registry.npmjs.org/native-promise-only/-/native-promise-only-0.8.1.tgz",
      "integrity": "sha1-IKMYwwy0X3H+et+/eyHJnBRy7xE="
    },
    "ssr-window": {
      "version": "3.0.0",
      "resolved": "https://registry.npmjs.org/ssr-window/-/ssr-window-3.0.0.tgz",
      "integrity": "sha512-q+8UfWDg9Itrg0yWK7oe5p/XRCJpJF9OBtXfOPgSJl+u3Xd5KI328RUEvUqSMVM9CiQUEf1QdBzJMkYGErj9QA=="
    },
    "swiper": {
      "version": "6.4.10",
      "resolved": "https://registry.npmjs.org/swiper/-/swiper-6.4.10.tgz",
      "integrity": "sha512-uNTdbkcVjNQVOwXhr+e8rTB4Uu8QfWHaZQSSptykWJX/QjSBuAPxAUFnHG8IKGQfTljGol9eLv6g8KTwvGjYNA==",
      "requires": {
        "dom7": "^3.0.0",
        "ssr-window": "^3.0.0"
      }
    },
    "vanilla-toast": {
      "version": "0.5.0",
      "resolved": "https://registry.npmjs.org/vanilla-toast/-/vanilla-toast-0.5.0.tgz",
      "integrity": "sha512-CjSSW86L3gkTWAQmcPtszu+b+4HZZRrBelNGCukvHh5Km8Hij8mjH6vY1hOB8MqGV5TMTuzHsXoqfURDLC1tdQ=="
    },
    "vue": {
      "version": "2.6.12",
      "resolved": "https://registry.npmjs.org/vue/-/vue-2.6.12.tgz",
      "integrity": "sha512-uhmLFETqPPNyuLLbsKz6ioJ4q7AZHzD8ZVFNATNyICSZouqP2Sz0rotWQC8UNBF6VGSCs5abnKJoStA6JbCbfg=="
    },
    "vue-axios": {
      "version": "3.2.3",
      "resolved": "https://registry.npmjs.org/vue-axios/-/vue-axios-3.2.3.tgz",
      "integrity": "sha512-9GcTI9Yx+SmlWboAWksHYHCIrlxP8rX+mOEnO7DT2l7KQnFi6cDcsJDMiQ50MFPmn/RDyZ5EsiX50q45JVcW0g==",
      "requires": {}
    },
    "vue-scrollto": {
      "version": "2.20.0",
      "resolved": "https://registry.npmjs.org/vue-scrollto/-/vue-scrollto-2.20.0.tgz",
      "integrity": "sha512-7i+AGKJTThZnMEkhIPgrZjyAX+fXV7/rGdg+CV283uZZwCxwiMXaBLTmIc5RTA4uwGnT+E6eJle3mXQfM2OD3A==",
      "requires": {
        "bezier-easing": "2.1.0"
      }
    },
    "vue-toast-notification": {
      "version": "0.6.0",
      "resolved": "https://registry.npmjs.org/vue-toast-notification/-/vue-toast-notification-0.6.0.tgz",
      "integrity": "sha512-GSXLTemx/+YLDpeObuMcz+gQ6NxvBcJxGhj5PB8CZDDBUQWbeAp0ZUPZEixDun/GtbxBOA9jLxo4MFPHTbIBYw==",
      "requires": {}
    },
    "weakmap-polyfill": {
      "version": "2.0.1",
      "resolved": "https://registry.npmjs.org/weakmap-polyfill/-/weakmap-polyfill-2.0.1.tgz",
      "integrity": "sha512-Jy177Lvb1LCrPQDWJsXyyqf4eOhcdvQHFGoCqSv921kVF5i42MVbr4e2WEwetuTLBn1NX0IhPzTmMu0N3cURqQ=="
    }
  }
}
